
Microsoft Visual Studio Solution File, Format Version 12.00
# Visual Studio Version 17
VisualStudioVersion = 17.3.32804.467
MinimumVisualStudioVersion = 10.0.40219.1
Project("{888888A0-9F3D-457C-B088-3A5042F75D52}") = "CollatzConjecture", "CollatzConjecture\CollatzConjecture.pyproj", "{867DD437-F33A-456E-8AB6-5EA241329DE1}"
EndProject
Global
	GlobalSection(SolutionConfigurationPlatforms) = preSolution
		Debug|Any CPU = Debug|Any CPU
		Release|Any CPU = Release|Any CPU
	EndGlobalSection
	GlobalSection(ProjectConfigurationPlatforms) = postSolution
		{867DD437-F33A-456E-8AB6-5EA241329DE1}.Debug|Any CPU.ActiveCfg = Debug|Any CPU
		{867DD437-F33A-456E-8AB6-5EA241329DE1}.Release|Any CPU.ActiveCfg = Release|Any CPU
	EndGlobalSection
	GlobalSection(SolutionProperties) = preSolution
		HideSolutionNode = FALSE
	EndGlobalSection
	GlobalSection(ExtensibilityGlobals) = postSolution
		SolutionGuid = {4FE816D0-2FB3-4D0E-AF21-944A247AABA4}
	EndGlobalSection
EndGlobal
